
Microsoft Visual Studio Solution File, Format Version 12.00
# Visual Studio Version 17
VisualStudioVersion = 17.1.32328.378
MinimumVisualStudioVersion = 10.0.40219.1
Project("{FAE04EC0-301F-11D3-BF4B-00C04F79EFBC}") = "CapaPresentacion", "CapaPresentacion\CapaPresentacion.csproj", "{C31BE625-12E7-4398-9A9C-A757E20EAB63}"
EndProject
Project("{FAE04EC0-301F-11D3-BF4B-00C04F79EFBC}") = "CapaDato", "CapaDato\CapaDato.csproj", "{10D1B9BF-2B04-48EC-987D-E8F72D69F413}"
EndProject
Project("{FAE04EC0-301F-11D3-BF4B-00C04F79EFBC}") = "CapaNegocio", "CapaNegocio\CapaNegocio.csproj", "{23DD114E-C9AA-4571-99BB-92895DAFF1D4}"
EndProject
Global
	GlobalSection(SolutionConfigurationPlatforms) = preSolution
		Debug|Any CPU = Debug|Any CPU
		Release|Any CPU = Release|Any CPU
	EndGlobalSection
	GlobalSection(ProjectConfigurationPlatforms) = postSolution
		{C31BE625-12E7-4398-9A9C-A757E20EAB63}.Debug|Any CPU.ActiveCfg = Debug|Any CPU
		{C31BE625-12E7-4398-9A9C-A757E20EAB63}.Debug|Any CPU.Build.0 = Debug|Any CPU
		{C31BE625-12E7-4398-9A9C-A757E20EAB63}.Release|Any CPU.ActiveCfg = Release|Any CPU
		{C31BE625-12E7-4398-9A9C-A757E20EAB63}.Release|Any CPU.Build.0 = Release|Any CPU
		{10D1B9BF-2B04-48EC-987D-E8F72D69F413}.Debug|Any CPU.ActiveCfg = Debug|Any CPU
		{10D1B9BF-2B04-48EC-987D-E8F72D69F413}.Debug|Any CPU.Build.0 = Debug|Any CPU
		{10D1B9BF-2B04-48EC-987D-E8F72D69F413}.Release|Any CPU.ActiveCfg = Release|Any CPU
		{10D1B9BF-2B04-48EC-987D-E8F72D69F413}.Release|Any CPU.Build.0 = Release|Any CPU
		{23DD114E-C9AA-4571-99BB-92895DAFF1D4}.Debug|Any CPU.ActiveCfg = Debug|Any CPU
		{23DD114E-C9AA-4571-99BB-92895DAFF1D4}.Debug|Any CPU.Build.0 = Debug|Any CPU
		{23DD114E-C9AA-4571-99BB-92895DAFF1D4}.Release|Any CPU.ActiveCfg = Release|Any CPU
		{23DD114E-C9AA-4571-99BB-92895DAFF1D4}.Release|Any CPU.Build.0 = Release|Any CPU
	EndGlobalSection
	GlobalSection(SolutionProperties) = preSolution
		HideSolutionNode = FALSE
	EndGlobalSection
	GlobalSection(ExtensibilityGlobals) = postSolution
		SolutionGuid = {D34A3EB4-1418-4FBE-B125-2B17A04BE474}
	EndGlobalSection
EndGlobal
