
Microsoft Visual Studio Solution File, Format Version 12.00
# Visual Studio Version 17
VisualStudioVersion = 17.1.32328.378
MinimumVisualStudioVersion = 10.0.40219.1
Project("{FAE04EC0-301F-11D3-BF4B-00C04F79EFBC}") = "Tarea1C Sharp", "Tarea1C Sharp\Tarea1C Sharp.csproj", "{C143F282-6E76-4BAD-B6DA-6EAB3CEC34D9}"
EndProject
Global
	GlobalSection(SolutionConfigurationPlatforms) = preSolution
		Debug|Any CPU = Debug|Any CPU
		Release|Any CPU = Release|Any CPU
	EndGlobalSection
	GlobalSection(ProjectConfigurationPlatforms) = postSolution
		{C143F282-6E76-4BAD-B6DA-6EAB3CEC34D9}.Debug|Any CPU.ActiveCfg = Debug|Any CPU
		{C143F282-6E76-4BAD-B6DA-6EAB3CEC34D9}.Debug|Any CPU.Build.0 = Debug|Any CPU
		{C143F282-6E76-4BAD-B6DA-6EAB3CEC34D9}.Release|Any CPU.ActiveCfg = Release|Any CPU
		{C143F282-6E76-4BAD-B6DA-6EAB3CEC34D9}.Release|Any CPU.Build.0 = Release|Any CPU
	EndGlobalSection
	GlobalSection(SolutionProperties) = preSolution
		HideSolutionNode = FALSE
	EndGlobalSection
	GlobalSection(ExtensibilityGlobals) = postSolution
		SolutionGuid = {D9E5F577-2A07-4235-AC7B-F00EB5C1CE79}
	EndGlobalSection
EndGlobal
