
Microsoft Visual Studio Solution File, Format Version 12.00
# Visual Studio Version 17
VisualStudioVersion = 17.1.32328.378
MinimumVisualStudioVersion = 10.0.40219.1
Project("{FAE04EC0-301F-11D3-BF4B-00C04F79EFBC}") = "Tarea5C-CONSULTA", "Tarea5C-CONSULTA\Tarea5C-CONSULTA.csproj", "{E86B5891-8381-4984-BD78-230FE0C65D31}"
EndProject
Global
	GlobalSection(SolutionConfigurationPlatforms) = preSolution
		Debug|Any CPU = Debug|Any CPU
		Release|Any CPU = Release|Any CPU
	EndGlobalSection
	GlobalSection(ProjectConfigurationPlatforms) = postSolution
		{E86B5891-8381-4984-BD78-230FE0C65D31}.Debug|Any CPU.ActiveCfg = Debug|Any CPU
		{E86B5891-8381-4984-BD78-230FE0C65D31}.Debug|Any CPU.Build.0 = Debug|Any CPU
		{E86B5891-8381-4984-BD78-230FE0C65D31}.Release|Any CPU.ActiveCfg = Release|Any CPU
		{E86B5891-8381-4984-BD78-230FE0C65D31}.Release|Any CPU.Build.0 = Release|Any CPU
	EndGlobalSection
	GlobalSection(SolutionProperties) = preSolution
		HideSolutionNode = FALSE
	EndGlobalSection
	GlobalSection(ExtensibilityGlobals) = postSolution
		SolutionGuid = {872707A1-9331-4ECE-BCFD-503E09F06239}
	EndGlobalSection
EndGlobal
